lockfileVersion: '9.0'

settings:
  autoInstallPeers: true
  excludeLinksFromLockfile: false

importers:

  .:
    devDependencies:
      '@gplassard/projen-extensions':
        specifier: ^0.0.107
        version: 0.0.107
      projen:
        specifier: ^0.84.4
        version: 0.84.4(constructs@10.3.0)

packages:

  '@gplassard/projen-extensions@0.0.107':
    resolution: {integrity: sha512-au5Rz9nhwIzY8Ztl+obij1rOn5/dtBZcOQdOud1AwWjYuZxdLTqCYcjcyu3NHwi/jq6VaLVjsef2vRizw0zW2w==, tarball: https://npm.pkg.github.com/download/@gplassard/projen-extensions/0.0.107/32566d09105b219a5dbb01801e0553e308d3b409}

  constructs@10.3.0:
    resolution: {integrity: sha512-vbK8i3rIb/xwZxSpTjz3SagHn1qq9BChLEfy5Hf6fB3/2eFbrwt2n9kHwQcS0CPTRBesreeAcsJfMq2229FnbQ==}
    engines: {node: '>= 16.14.0'}

  projen@0.82.8:
    resolution: {integrity: sha512-/YpYZf4g0/pck2tr34a4gpOveCV1xbCfdDT+H4Xq8qQzF0IbcDVsoV1kZXPcyzVWUyqHFT2/ORUeocV+Hka8tQ==}
    engines: {node: '>= 16.0.0'}
    hasBin: true
    peerDependencies:
      constructs: ^10.0.0
    bundledDependencies:
      - '@iarna/toml'
      - case
      - chalk
      - comment-json
      - conventional-changelog-config-spec
      - fast-json-patch
      - glob
      - ini
      - semver
      - shx
      - xmlbuilder2
      - yaml
      - yargs

  projen@0.84.4:
    resolution: {integrity: sha512-hlyBtIwc+As3KuiaSGQ5d0dVyE5Jc6SfnhIxyE1VqlgHvKpPVhvun+2gwH4CFtQyxjEGh4bHoU/aS7P5McqfGA==}
    engines: {node: '>= 16.0.0'}
    hasBin: true
    peerDependencies:
      constructs: ^10.0.0
    bundledDependencies:
      - '@iarna/toml'
      - case
      - chalk
      - comment-json
      - conventional-changelog-config-spec
      - fast-json-patch
      - glob
      - ini
      - semver
      - shx
      - xmlbuilder2
      - yaml
      - yargs

snapshots:

  '@gplassard/projen-extensions@0.0.107':
    dependencies:
      constructs: 10.3.0
      projen: 0.82.8(constructs@10.3.0)

  constructs@10.3.0: {}

  projen@0.82.8(constructs@10.3.0):
    dependencies:
      constructs: 10.3.0

  projen@0.84.4(constructs@10.3.0):
    dependencies:
      constructs: 10.3.0
